// !$*UTF8*$!
{
	archiveVersion = 1;
	classes = {
	};
	objectVersion = 56;
	objects = {

/* Begin PBXBuildFile section */
		52DBE8012A73AC00001E2700 /* AppDelegate.swift in Sources */ = {isa = PBXBuildFile; fileRef = 52DBE8002A73AC00001E2700 /* AppDelegate.swift */; };
		52DBE8032A73AC00001E2700 /* SceneDelegate.swift in Sources */ = {isa = PBXBuildFile; fileRef = 52DBE8022A73AC00001E2700 /* SceneDelegate.swift */; };
		52DBE8052A73AC00001E2700 /* ViewController.swift in Sources */ = {isa = PBXBuildFile; fileRef = 52DBE8042A73AC00001E2700 /* ViewController.swift */; };
		52DBE8082A73AC00001E2700 /* Main.storyboard in Resources */ = {isa = PBXBuildFile; fileRef = 52DBE8062A73AC00001E2700 /* Main.storyboard */; };
		52DBE80A2A73AC04001E2700 /* Assets.xcassets in Resources */ = {isa = PBXBuildFile; fileRef = 52DBE8092A73AC04001E2700 /* Assets.xcassets */; };
		52DBE80D2A73AC04001E2700 /* LaunchScreen.storyboard in Resources */ = {isa = PBXBuildFile; fileRef = 52DBE80B2A73AC04001E2700 /* LaunchScreen.storyboard */; };
		52DBE8172A73B928001E2700 /* MovieCell.swift in Sources */ = {isa = PBXBuildFile; fileRef = 52DBE8152A73B928001E2700 /* MovieCell.swift */; };
		52DBE8182A73B928001E2700 /* MovieCell.xib in Resources */ = {isa = PBXBuildFile; fileRef = 52DBE8162A73B928001E2700 /* MovieCell.xib */; };
/* End PBXBuildFile section */

/* Begin PBXFileReference section */
		52DBE7FD2A73AC00001E2700 /* AtmosphereLec.app */ = {isa = PBXFileReference; explicitFileType = wrapper.application; includeInIndex = 0; path = AtmosphereLec.app; sourceTree = BUILT_PRODUCTS_DIR; };
		52DBE8002A73AC00001E2700 /* AppDelegate.swift */ = {isa = PBXFileReference; lastKnownFileType = sourcecode.swift; path = AppDelegate.swift; sourceTree = "<group>"; };
		52DBE8022A73AC00001E2700 /* SceneDelegate.swift */ = {isa = PBXFileReference; lastKnownFileType = sourcecode.swift; path = SceneDelegate.swift; sourceTree = "<group>"; };
		52DBE8042A73AC00001E2700 /* ViewController.swift */ = {isa = PBXFileReference; lastKnownFileType = sourcecode.swift; path = ViewController.swift; sourceTree = "<group>"; };
		52DBE8072A73AC00001E2700 /* Base */ = {isa = PBXFileReference; lastKnownFileType = file.storyboard; name = Base; path = Base.lproj/Main.storyboard; sourceTree = "<group>"; };
		52DBE8092A73AC04001E2700 /* Assets.xcassets */ = {isa = PBXFileReference; lastKnownFileType = folder.assetcatalog; path = Assets.xcassets; sourceTree = "<group>"; };
		52DBE80C2A73AC04001E2700 /* Base */ = {isa = PBXFileReference; lastKnownFileType = file.storyboard; name = Base; path = Base.lproj/LaunchScreen.storyboard; sourceTree = "<group>"; };
		52DBE80E2A73AC04001E2700 /* Info.plist */ = {isa = PBXFileReference; lastKnownFileType = text.plist.xml; path = Info.plist; sourceTree = "<group>"; };
		52DBE8152A73B928001E2700 /* MovieCell.swift */ = {isa = PBXFileReference; lastKnownFileType = sourcecode.swift; path = MovieCell.swift; sourceTree = "<group>"; };
		52DBE8162A73B928001E2700 /* MovieCell.xib */ = {isa = PBXFileReference; lastKnownFileType = file.xib; path = MovieCell.xib; sourceTree = "<group>"; };
/* End PBXFileReference section */

/* Begin PBXFrameworksBuildPhase section */
		52DBE7FA2A73AC00001E2700 /* Frameworks */ = {
			isa = PBXFrameworksBuildPhase;
			buildActionMask = 2147483647;
			files = (
			);
			runOnlyForDeploymentPostprocessing = 0;
		};
/* End PBXFrameworksBuildPhase section */

/* Begin PBXGroup section */
		52DBE7F42A73AC00001E2700 = {
			isa = PBXGroup;
			children = (
				52DBE7FF2A73AC00001E2700 /* AtmosphereLec */,
				52DBE7FE2A73AC00001E2700 /* Products */,
			);
			sourceTree = "<group>";
		};
		52DBE7FE2A73AC00001E2700 /* Products */ = {
			isa = PBXGroup;
			children = (
				52DBE7FD2A73AC00001E2700 /* AtmosphereLec.app */,
			);
			name = Products;
			sourceTree = "<group>";
		};
		52DBE7FF2A73AC00001E2700 /* AtmosphereLec */ = {
			isa = PBXGroup;
			children = (
				52DBE8142A73B8D7001E2700 /* MoviewList */,
				52DBE8002A73AC00001E2700 /* AppDelegate.swift */,
				52DBE8022A73AC00001E2700 /* SceneDelegate.swift */,
				52DBE8062A73AC00001E2700 /* Main.storyboard */,
				52DBE8092A73AC04001E2700 /* Assets.xcassets */,
				52DBE80B2A73AC04001E2700 /* LaunchScreen.storyboard */,
				52DBE80E2A73AC04001E2700 /* Info.plist */,
			);
			path = AtmosphereLec;
			sourceTree = "<group>";
		};
		52DBE8142A73B8D7001E2700 /* MoviewList */ = {
			isa = PBXGroup;
			children = (
				52DBE8042A73AC00001E2700 /* ViewController.swift */,
				52DBE8152A73B928001E2700 /* MovieCell.swift */,
				52DBE8162A73B928001E2700 /* MovieCell.xib */,
			);
			path = MoviewList;
			sourceTree = "<group>";
		};
/* End PBXGroup section */

/* Begin PBXNativeTarget section */
		52DBE7FC2A73AC00001E2700 /* AtmosphereLec */ = {
			isa = PBXNativeTarget;
			buildConfigurationList = 52DBE8112A73AC04001E2700 /* Build configuration list for PBXNativeTarget "AtmosphereLec" */;
			buildPhases = (
				52DBE7F92A73AC00001E2700 /* Sources */,
				52DBE7FA2A73AC00001E2700 /* Frameworks */,
				52DBE7FB2A73AC00001E2700 /* Resources */,
			);
			buildRules = (
			);
			dependencies = (
			);
			name = AtmosphereLec;
			productName = AtmosphereLec;
			productReference = 52DBE7FD2A73AC00001E2700 /* AtmosphereLec.app */;
			productType = "com.apple.product-type.application";
		};
/* End PBXNativeTarget section */

/* Begin PBXProject section */
		52DBE7F52A73AC00001E2700 /* Project object */ = {
			isa = PBXProject;
			attributes = {
				BuildIndependentTargetsInParallel = 1;
				LastSwiftUpdateCheck = 1420;
				LastUpgradeCheck = 1420;
				TargetAttributes = {
					52DBE7FC2A73AC00001E2700 = {
						CreatedOnToolsVersion = 14.2;
					};
				};
			};
			buildConfigurationList = 52DBE7F82A73AC00001E2700 /* Build configuration list for PBXProject "AtmosphereLec" */;
			compatibilityVersion = "Xcode 14.0";
			developmentRegion = en;
			hasScannedForEncodings = 0;
			knownRegions = (
				en,
				Base,
			);
			mainGroup = 52DBE7F42A73AC00001E2700;
			productRefGroup = 52DBE7FE2A73AC00001E2700 /* Products */;
			projectDirPath = "";
			projectRoot = "";
			targets = (
				52DBE7FC2A73AC00001E2700 /* AtmosphereLec */,
			);
		};
/* End PBXProject section */

/* Begin PBXResourcesBuildPhase section */
		52DBE7FB2A73AC00001E2700 /* Resources */ = {
			isa = PBXResourcesBuildPhase;
			buildActionMask = 2147483647;
			files = (
				52DBE80D2A73AC04001E2700 /* LaunchScreen.storyboard in Resources */,
				52DBE80A2A73AC04001E2700 /* Assets.xcassets in Resources */,
				52DBE8182A73B928001E2700 /* MovieCell.xib in Resources */,
				52DBE8082A73AC00001E2700 /* Main.storyboard in Resources */,
			);
			runOnlyForDeploymentPostprocessing = 0;
		};
/* End PBXResourcesBuildPhase section */

/* Begin PBXSourcesBuildPhase section */
		52DBE7F92A73AC00001E2700 /* Sources */ = {
			isa = PBXSourcesBuildPhase;
			buildActionMask = 2147483647;
			files = (
				52DBE8052A73AC00001E2700 /* ViewController.swift in Sources */,
				52DBE8012A73AC00001E2700 /* AppDelegate.swift in Sources */,
				52DBE8172A73B928001E2700 /* MovieCell.swift in Sources */,
				52DBE8032A73AC00001E2700 /* SceneDelegate.swift in Sources */,
			);
			runOnlyForDeploymentPostprocessing = 0;
		};
/* End PBXSourcesBuildPhase section */

/* Begin PBXVariantGroup section */
		52DBE8062A73AC00001E2700 /* Main.storyboard */ = {
			isa = PBXVariantGroup;
			children = (
				52DBE8072A73AC00001E2700 /* Base */,
			);
			name = Main.storyboard;
			sourceTree = "<group>";
		};
		52DBE80B2A73AC04001E2700 /* LaunchScreen.storyboard */ = {
			isa = PBXVariantGroup;
			children = (
				52DBE80C2A73AC04001E2700 /* Base */,
			);
			name = LaunchScreen.storyboard;
			sourceTree = "<group>";
		};
/* End PBXVariantGroup section */

/* Begin XCBuildConfiguration section */
		52DBE80F2A73AC04001E2700 /* Debug */ = {
			isa = XCBuildConfiguration;
			buildSettings = {
				ALWAYS_SEARCH_USER_PATHS = NO;
				CLANG_ANALYZER_NONNULL = YES;
				CLANG_ANALYZER_NUMBER_OBJECT_CONVERSION = YES_AGGRESSIVE;
				CLANG_CXX_LANGUAGE_STANDARD = "gnu++20";
				CLANG_ENABLE_MODULES = YES;
				CLANG_ENABLE_OBJC_ARC = YES;
				CLANG_ENABLE_OBJC_WEAK = YES;
				CLANG_WARN_BLOCK_CAPTURE_AUTORELEASING = YES;
				CLANG_WARN_BOOL_CONVERSION = YES;
				CLANG_WARN_COMMA = YES;
				CLANG_WARN_CONSTANT_CONVERSION = YES;
				CLANG_WARN_DEPRECATED_OBJC_IMPLEMENTATIONS = YES;
				CLANG_WARN_DIRECT_OBJC_ISA_USAGE = YES_ERROR;
				CLANG_WARN_DOCUMENTATION_COMMENTS = YES;
				CLANG_WARN_EMPTY_BODY = YES;
				CLANG_WARN_ENUM_CONVERSION = YES;
				CLANG_WARN_INFINITE_RECURSION = YES;
				CLANG_WARN_INT_CONVERSION = YES;
				CLANG_WARN_NON_LITERAL_NULL_CONVERSION = YES;
				CLANG_WARN_OBJC_IMPLICIT_RETAIN_SELF = YES;
				CLANG_WARN_OBJC_LITERAL_CONVERSION = YES;
				CLANG_WARN_OBJC_ROOT_CLASS = YES_ERROR;
				CLANG_WARN_QUOTED_INCLUDE_IN_FRAMEWORK_HEADER = YES;
				CLANG_WARN_RANGE_LOOP_ANALYSIS = YES;
				CLANG_WARN_STRICT_PROTOTYPES = YES;
				CLANG_WARN_SUSPICIOUS_MOVE = YES;
				CLANG_WARN_UNGUARDED_AVAILABILITY = YES_AGGRESSIVE;
				CLANG_WARN_UNREACHABLE_CODE = YES;
				CLANG_WARN__DUPLICATE_METHOD_MATCH = YES;
				COPY_PHASE_STRIP = NO;
				DEBUG_INFORMATION_FORMAT = dwarf;
				ENABLE_STRICT_OBJC_MSGSEND = YES;
				ENABLE_TESTABILITY = YES;
				GCC_C_LANGUAGE_STANDARD = gnu11;
				GCC_DYNAMIC_NO_PIC = NO;
				GCC_NO_COMMON_BLOCKS = YES;
				GCC_OPTIMIZATION_LEVEL = 0;
				GCC_PREPROCESSOR_DEFINITIONS = (
					"DEBUG=1",
					"$(inherited)",
				);
				GCC_WARN_64_TO_32_BIT_CONVERSION = YES;
				GCC_WARN_ABOUT_RETURN_TYPE = YES_ERROR;
				GCC_WARN_UNDECLARED_SELECTOR = YES;
				GCC_WARN_UNINITIALIZED_AUTOS = YES_AGGRESSIVE;
				GCC_WARN_UNUSED_FUNCTION = YES;
				GCC_WARN_UNUSED_VARIABLE = YES;
				IPHONEOS_DEPLOYMENT_TARGET = 16.2;
				MTL_ENABLE_DEBUG_INFO = INCLUDE_SOURCE;
				MTL_FAST_MATH = YES;
				ONLY_ACTIVE_ARCH = YES;
				SDKROOT = iphoneos;
				SWIFT_ACTIVE_COMPILATION_CONDITIONS = DEBUG;
				SWIFT_OPTIMIZATION_LEVEL = "-Onone";
			};
			name = Debug;
		};
		52DBE8102A73AC04001E2700 /* Release */ = {
			isa = XCBuildConfiguration;
			buildSettings = {
				ALWAYS_SEARCH_USER_PATHS = NO;
				CLANG_ANALYZER_NONNULL = YES;
				CLANG_ANALYZER_NUMBER_OBJECT_CONVERSION = YES_AGGRESSIVE;
				CLANG_CXX_LANGUAGE_STANDARD = "gnu++20";
				CLANG_ENABLE_MODULES = YES;
				CLANG_ENABLE_OBJC_ARC = YES;
				CLANG_ENABLE_OBJC_WEAK = YES;
				CLANG_WARN_BLOCK_CAPTURE_AUTORELEASING = YES;
				CLANG_WARN_BOOL_CONVERSION = YES;
				CLANG_WARN_COMMA = YES;
				CLANG_WARN_CONSTANT_CONVERSION = YES;
				CLANG_WARN_DEPRECATED_OBJC_IMPLEMENTATIONS = YES;
				CLANG_WARN_DIRECT_OBJC_ISA_USAGE = YES_ERROR;
				CLANG_WARN_DOCUMENTATION_COMMENTS = YES;
				CLANG_WARN_EMPTY_BODY = YES;
				CLANG_WARN_ENUM_CONVERSION = YES;
				CLANG_WARN_INFINITE_RECURSION = YES;
				CLANG_WARN_INT_CONVERSION = YES;
				CLANG_WARN_NON_LITERAL_NULL_CONVERSION = YES;
				CLANG_WARN_OBJC_IMPLICIT_RETAIN_SELF = YES;
				CLANG_WARN_OBJC_LITERAL_CONVERSION = YES;
				CLANG_WARN_OBJC_ROOT_CLASS = YES_ERROR;
				CLANG_WARN_QUOTED_INCLUDE_IN_FRAMEWORK_HEADER = YES;
				CLANG_WARN_RANGE_LOOP_ANALYSIS = YES;
				CLANG_WARN_STRICT_PROTOTYPES = YES;
				CLANG_WARN_SUSPICIOUS_MOVE = YES;
				CLANG_WARN_UNGUARDED_AVAILABILITY = YES_AGGRESSIVE;
				CLANG_WARN_UNREACHABLE_CODE = YES;
				CLANG_WARN__DUPLICATE_METHOD_MATCH = YES;
				COPY_PHASE_STRIP = NO;
				DEBUG_INFORMATION_FORMAT = "dwarf-with-dsym";
				ENABLE_NS_ASSERTIONS = NO;
				ENABLE_STRICT_OBJC_MSGSEND = YES;
				GCC_C_LANGUAGE_STANDARD = gnu11;
				GCC_NO_COMMON_BLOCKS = YES;
				GCC_WARN_64_TO_32_BIT_CONVERSION = YES;
				GCC_WARN_ABOUT_RETURN_TYPE = YES_ERROR;
				GCC_WARN_UNDECLARED_SELECTOR = YES;
				GCC_WARN_UNINITIALIZED_AUTOS = YES_AGGRESSIVE;
				GCC_WARN_UNUSED_FUNCTION = YES;
				GCC_WARN_UNUSED_VARIABLE = YES;
				IPHONEOS_DEPLOYMENT_TARGET = 16.2;
				MTL_ENABLE_DEBUG_INFO = NO;
				MTL_FAST_MATH = YES;
				SDKROOT = iphoneos;
				SWIFT_COMPILATION_MODE = wholemodule;
				SWIFT_OPTIMIZATION_LEVEL = "-O";
				VALIDATE_PRODUCT = YES;
			};
			name = Release;
		};
		52DBE8122A73AC04001E2700 /* Debug */ = {
			isa = XCBuildConfiguration;
			buildSettings = {
				ASSETCATALOG_COMPILER_APPICON_NAME = AppIcon;
				ASSETCATALOG_COMPILER_GLOBAL_ACCENT_COLOR_NAME = AccentColor;
				CODE_SIGN_STYLE = Automatic;
				CURRENT_PROJECT_VERSION = 1;
				DEVELOPMENT_TEAM = UC3D25543F;
				GENERATE_INFOPLIST_FILE = YES;
				INFOPLIST_FILE = AtmosphereLec/Info.plist;
				INFOPLIST_KEY_UIApplicationSupportsIndirectInputEvents = YES;
				INFOPLIST_KEY_UILaunchStoryboardName = LaunchScreen;
				INFOPLIST_KEY_UIMainStoryboardFile = Main;
				INFOPLIST_KEY_UISupportedInterfaceOrientations_iPad = "UIInterfaceOrientationPortrait UIInterfaceOrientationPortraitUpsideDown UIInterfaceOrientationLandscapeLeft UIInterfaceOrientationLandscapeRight";
				INFOPLIST_KEY_UISupportedInterfaceOrientations_iPhone = "UIInterfaceOrientationPortrait UIInterfaceOrientationLandscapeLeft UIInterfaceOrientationLandscapeRight";
				LD_RUNPATH_SEARCH_PATHS = (
					"$(inherited)",
					"@executable_path/Frameworks",
				);
				MARKETING_VERSION = 1.0;
				PRODUCT_BUNDLE_IDENTIFIER = Najeh.AtmosphereLec;
				PRODUCT_NAME = "$(TARGET_NAME)";
				SWIFT_EMIT_LOC_STRINGS = YES;
				SWIFT_VERSION = 5.0;
				TARGETED_DEVICE_FAMILY = "1,2";
			};
			name = Debug;
		};
		52DBE8132A73AC04001E2700 /* Release */ = {
			isa = XCBuildConfiguration;
			buildSettings = {
				ASSETCATALOG_COMPILER_APPICON_NAME = AppIcon;
				ASSETCATALOG_COMPILER_GLOBAL_ACCENT_COLOR_NAME = AccentColor;
				CODE_SIGN_STYLE = Automatic;
				CURRENT_PROJECT_VERSION = 1;
				DEVELOPMENT_TEAM = UC3D25543F;
				GENERATE_INFOPLIST_FILE = YES;
				INFOPLIST_FILE = AtmosphereLec/Info.plist;
				INFOPLIST_KEY_UIApplicationSupportsIndirectInputEvents = YES;
				INFOPLIST_KEY_UILaunchStoryboardName = LaunchScreen;
				INFOPLIST_KEY_UIMainStoryboardFile = Main;
				INFOPLIST_KEY_UISupportedInterfaceOrientations_iPad = "UIInterfaceOrientationPortrait UIInterfaceOrientationPortraitUpsideDown UIInterfaceOrientationLandscapeLeft UIInterfaceOrientationLandscapeRight";
				INFOPLIST_KEY_UISupportedInterfaceOrientations_iPhone = "UIInterfaceOrientationPortrait UIInterfaceOrientationLandscapeLeft UIInterfaceOrientationLandscapeRight";
				LD_RUNPATH_SEARCH_PATHS = (
					"$(inherited)",
					"@executable_path/Frameworks",
				);
				MARKETING_VERSION = 1.0;
				PRODUCT_BUNDLE_IDENTIFIER = Najeh.AtmosphereLec;
				PRODUCT_NAME = "$(TARGET_NAME)";
				SWIFT_EMIT_LOC_STRINGS = YES;
				SWIFT_VERSION = 5.0;
				TARGETED_DEVICE_FAMILY = "1,2";
			};
			name = Release;
		};
/* End XCBuildConfiguration section */

/* Begin XCConfigurationList section */
		52DBE7F82A73AC00001E2700 /* Build configuration list for PBXProject "AtmosphereLec" */ = {
			isa = XCConfigurationList;
			buildConfigurations = (
				52DBE80F2A73AC04001E2700 /* Debug */,
				52DBE8102A73AC04001E2700 /* Release */,
			);
			defaultConfigurationIsVisible = 0;
			defaultConfigurationName = Release;
		};
		52DBE8112A73AC04001E2700 /* Build configuration list for PBXNativeTarget "AtmosphereLec" */ = {
			isa = XCConfigurationList;
			buildConfigurations = (
				52DBE8122A73AC04001E2700 /* Debug */,
				52DBE8132A73AC04001E2700 /* Release */,
			);
			defaultConfigurationIsVisible = 0;
			defaultConfigurationName = Release;
		};
/* End XCConfigurationList section */
	};
	rootObject = 52DBE7F52A73AC00001E2700 /* Project object */;
}
